
Microsoft Visual Studio Solution File, Format Version 12.00
# Visual Studio Version 17
VisualStudioVersion = 17.5.33530.505
MinimumVisualStudioVersion = 10.0.40219.1
Project("{FAE04EC0-301F-11D3-BF4B-00C04F79EFBC}") = "FactoryMethod", "FactoryMethod\FactoryMethod.csproj", "{53D3E32D-57C2-4CFC-9839-12191E2C3610}"
EndProject
Global
	GlobalSection(SolutionConfigurationPlatforms) = preSolution
		Debug|Any CPU = Debug|Any CPU
		Release|Any CPU = Release|Any CPU
	EndGlobalSection
	GlobalSection(ProjectConfigurationPlatforms) = postSolution
		{53D3E32D-57C2-4CFC-9839-12191E2C3610}.Debug|Any CPU.ActiveCfg = Debug|Any CPU
		{53D3E32D-57C2-4CFC-9839-12191E2C3610}.Debug|Any CPU.Build.0 = Debug|Any CPU
		{53D3E32D-57C2-4CFC-9839-12191E2C3610}.Release|Any CPU.ActiveCfg = Release|Any CPU
		{53D3E32D-57C2-4CFC-9839-12191E2C3610}.Release|Any CPU.Build.0 = Release|Any CPU
	EndGlobalSection
	GlobalSection(SolutionProperties) = preSolution
		HideSolutionNode = FALSE
	EndGlobalSection
	GlobalSection(ExtensibilityGlobals) = postSolution
		SolutionGuid = {7B0B5B7B-495B-4AC5-A7C8-DCC2DF660902}
	EndGlobalSection
EndGlobal
