
Microsoft Visual Studio Solution File, Format Version 12.00
# Visual Studio Version 17
VisualStudioVersion = 17.5.33530.505
MinimumVisualStudioVersion = 10.0.40219.1
Project("{9A19103F-16F7-4668-BE54-9A1E7A4F7556}") = "FactoryMethod", "FactoryMethod\FactoryMethod.csproj", "{53D3E32D-57C2-4CFC-9839-12191E2C3610}"
EndProject
Project("{FAE04EC0-301F-11D3-BF4B-00C04F79EFBC}") = "AbstractFactory", "AbstractFactory\AbstractFactory.csproj", "{9891A521-0A0E-4769-B364-BD843E2E29E6}"
EndProject
Project("{FAE04EC0-301F-11D3-BF4B-00C04F79EFBC}") = "Builder", "Builder\Builder.csproj", "{FDFAC699-1403-478E-8C0B-86E4EEE46E83}"
EndProject
Project("{FAE04EC0-301F-11D3-BF4B-00C04F79EFBC}") = "Prototype", "Prototype\Prototype.csproj", "{07B2B42B-3A75-420D-AA13-E8090931B068}"
EndProject
Global
	GlobalSection(SolutionConfigurationPlatforms) = preSolution
		Debug|Any CPU = Debug|Any CPU
		Release|Any CPU = Release|Any CPU
	EndGlobalSection
	GlobalSection(ProjectConfigurationPlatforms) = postSolution
		{53D3E32D-57C2-4CFC-9839-12191E2C3610}.Debug|Any CPU.ActiveCfg = Debug|Any CPU
		{53D3E32D-57C2-4CFC-9839-12191E2C3610}.Debug|Any CPU.Build.0 = Debug|Any CPU
		{53D3E32D-57C2-4CFC-9839-12191E2C3610}.Release|Any CPU.ActiveCfg = Release|Any CPU
		{53D3E32D-57C2-4CFC-9839-12191E2C3610}.Release|Any CPU.Build.0 = Release|Any CPU
		{9891A521-0A0E-4769-B364-BD843E2E29E6}.Debug|Any CPU.ActiveCfg = Debug|Any CPU
		{9891A521-0A0E-4769-B364-BD843E2E29E6}.Debug|Any CPU.Build.0 = Debug|Any CPU
		{9891A521-0A0E-4769-B364-BD843E2E29E6}.Release|Any CPU.ActiveCfg = Release|Any CPU
		{9891A521-0A0E-4769-B364-BD843E2E29E6}.Release|Any CPU.Build.0 = Release|Any CPU
		{FDFAC699-1403-478E-8C0B-86E4EEE46E83}.Debug|Any CPU.ActiveCfg = Debug|Any CPU
		{FDFAC699-1403-478E-8C0B-86E4EEE46E83}.Debug|Any CPU.Build.0 = Debug|Any CPU
		{FDFAC699-1403-478E-8C0B-86E4EEE46E83}.Release|Any CPU.ActiveCfg = Release|Any CPU
		{FDFAC699-1403-478E-8C0B-86E4EEE46E83}.Release|Any CPU.Build.0 = Release|Any CPU
		{07B2B42B-3A75-420D-AA13-E8090931B068}.Debug|Any CPU.ActiveCfg = Debug|Any CPU
		{07B2B42B-3A75-420D-AA13-E8090931B068}.Debug|Any CPU.Build.0 = Debug|Any CPU
		{07B2B42B-3A75-420D-AA13-E8090931B068}.Release|Any CPU.ActiveCfg = Release|Any CPU
		{07B2B42B-3A75-420D-AA13-E8090931B068}.Release|Any CPU.Build.0 = Release|Any CPU
	EndGlobalSection
	GlobalSection(SolutionProperties) = preSolution
		HideSolutionNode = FALSE
	EndGlobalSection
	GlobalSection(ExtensibilityGlobals) = postSolution
		SolutionGuid = {7B0B5B7B-495B-4AC5-A7C8-DCC2DF660902}
	EndGlobalSection
EndGlobal
